
Microsoft Visual Studio Solution File, Format Version 12.00
# Visual Studio Version 17
VisualStudioVersion = 17.4.33213.308
MinimumVisualStudioVersion = 10.0.40219.1
Project("{FAE04EC0-301F-11D3-BF4B-00C04F79EFBC}") = "Malfunctions", "Malfunctions\Malfunctions.csproj", "{335007C9-7068-4DF7-85B3-B406E9795203}"
EndProject
Global
	GlobalSection(SolutionConfigurationPlatforms) = preSolution
		Debug|Any CPU = Debug|Any CPU
		Release|Any CPU = Release|Any CPU
	EndGlobalSection
	GlobalSection(ProjectConfigurationPlatforms) = postSolution
		{335007C9-7068-4DF7-85B3-B406E9795203}.Debug|Any CPU.ActiveCfg = Debug|Any CPU
		{335007C9-7068-4DF7-85B3-B406E9795203}.Debug|Any CPU.Build.0 = Debug|Any CPU
		{335007C9-7068-4DF7-85B3-B406E9795203}.Release|Any CPU.ActiveCfg = Release|Any CPU
		{335007C9-7068-4DF7-85B3-B406E9795203}.Release|Any CPU.Build.0 = Release|Any CPU
	EndGlobalSection
	GlobalSection(SolutionProperties) = preSolution
		HideSolutionNode = FALSE
	EndGlobalSection
	GlobalSection(ExtensibilityGlobals) = postSolution
		SolutionGuid = {C9A97296-3BBF-4FA8-8732-7B686E84CDFD}
	EndGlobalSection
EndGlobal
